lockfileVersion: '6.0'

dependencies:
  handlebars:
    specifier: ^4.7.7
    version: registry.npmmirror.com/handlebars@4.7.7

packages:

  registry.npmmirror.com/handlebars@4.7.7:
    resolution: {integrity: sha512-aAcXm5OAfE/8IXkcZvCepKU3VzW1/39Fb5ZuqMtgI/hT8X2YgoMvBY5dLhq/cpOvw7Lk1nK/UF71aLG/ZnVYRA==, registry: https://registry.npm.taobao.org/, tarball: https://registry.npmmirror.com/handlebars/-/handlebars-4.7.7.tgz}
    name: handlebars
    version: 4.7.7
    engines: {node: '>=0.4.7'}
    hasBin: true
    dependencies:
      minimist: registry.npmmirror.com/minimist@1.2.8
      neo-async: registry.npmmirror.com/neo-async@2.6.2
      source-map: registry.npmmirror.com/source-map@0.6.1
      wordwrap: registry.npmmirror.com/wordwrap@1.0.0
    optionalDependencies:
      uglify-js: registry.npmmirror.com/uglify-js@3.17.4
    dev: false

  registry.npmmirror.com/minimist@1.2.8:
    resolution: {integrity: sha512-2yyAR8qBkN3YuheJanUpWC5U3bb5osDywNB8RzDVlDwDHbocAJveqqj1u8+SVD7jkWT4yvsHCpWqqWqAxb0zCA==, registry: https://registry.npm.taobao.org/, tarball: https://registry.npmmirror.com/minimist/-/minimist-1.2.8.tgz}
    name: minimist
    version: 1.2.8
    dev: false

  registry.npmmirror.com/neo-async@2.6.2:
    resolution: {integrity: sha512-Yd3UES5mWCSqR+qNT93S3UoYUkqAZ9lLg8a7g9rimsWmYGK8cVToA4/sF3RrshdyV3sAGMXVUmpMYOw+dLpOuw==, registry: https://registry.npm.taobao.org/, tarball: https://registry.npmmirror.com/neo-async/-/neo-async-2.6.2.tgz}
    name: neo-async
    version: 2.6.2
    dev: false

  registry.npmmirror.com/source-map@0.6.1:
    resolution: {integrity: sha512-UjgapumWlbMhkBgzT7Ykc5YXUT46F0iKu8SGXq0bcwP5dz/h0Plj6enJqjz1Zbq2l5WaqYnrVbwWOWMyF3F47g==, registry: https://registry.npm.taobao.org/, tarball: https://registry.npmmirror.com/source-map/-/source-map-0.6.1.tgz}
    name: source-map
    version: 0.6.1
    engines: {node: '>=0.10.0'}
    dev: false

  registry.npmmirror.com/uglify-js@3.17.4:
    resolution: {integrity: sha512-T9q82TJI9e/C1TAxYvfb16xO120tMVFZrGA3f9/P4424DNu6ypK103y0GPFVa17yotwSyZW5iYXgjYHkGrJW/g==, registry: https://registry.npm.taobao.org/, tarball: https://registry.npmmirror.com/uglify-js/-/uglify-js-3.17.4.tgz}
    name: uglify-js
    version: 3.17.4
    engines: {node: '>=0.8.0'}
    hasBin: true
    requiresBuild: true
    dev: false
    optional: true

  registry.npmmirror.com/wordwrap@1.0.0:
    resolution: {integrity: sha512-gvVzJFlPycKc5dZN4yPkP8w7Dc37BtP1yczEneOb4uq34pXZcvrtRTmWV8W+Ume+XCxKgbjM+nevkyFPMybd4Q==, registry: https://registry.npm.taobao.org/, tarball: https://registry.npmmirror.com/wordwrap/-/wordwrap-1.0.0.tgz}
    name: wordwrap
    version: 1.0.0
    dev: false
